
Microsoft Visual Studio Solution File, Format Version 12.00
# Visual Studio Version 16
VisualStudioVersion = 16.0.30104.148
MinimumVisualStudioVersion = 10.0.40219.1
Project("{FAE04EC0-301F-11D3-BF4B-00C04F79EFBC}") = "EasyParser", "EasyParser\EasyParser.csproj", "{F77D6C8F-92E1-41E6-975F-3BD541DEAB55}"
EndProject
Global
	GlobalSection(SolutionConfigurationPlatforms) = preSolution
		Debug|Any CPU = Debug|Any CPU
		Release|Any CPU = Release|Any CPU
	EndGlobalSection
	GlobalSection(ProjectConfigurationPlatforms) = postSolution
		{F77D6C8F-92E1-41E6-975F-3BD541DEAB55}.Debug|Any CPU.ActiveCfg = Debug|Any CPU
		{F77D6C8F-92E1-41E6-975F-3BD541DEAB55}.Debug|Any CPU.Build.0 = Debug|Any CPU
		{F77D6C8F-92E1-41E6-975F-3BD541DEAB55}.Release|Any CPU.ActiveCfg = Release|Any CPU
		{F77D6C8F-92E1-41E6-975F-3BD541DEAB55}.Release|Any CPU.Build.0 = Release|Any CPU
	EndGlobalSection
	GlobalSection(SolutionProperties) = preSolution
		HideSolutionNode = FALSE
	EndGlobalSection
	GlobalSection(ExtensibilityGlobals) = postSolution
		SolutionGuid = {EDDA82E2-9DDD-4299-9351-0153C91F608B}
	EndGlobalSection
EndGlobal
